{
  "name": "test",
  "version": "1.0.0",
  "lockfileVersion": 1,
  "requires": true,
  "dependencies": {
    "file-saver": {
      "version": "2.0.5",
      "resolved": "https://registry.npm.taobao.org/file-saver/download/file-saver-2.0.5.tgz",
      "integrity": "sha1-1hz+LOBZ9BTYmendbUEH7iVnDDg="
    },
    "slsx": {
      "version": "0.0.3",
      "resolved": "https://registry.nlark.com/slsx/download/slsx-0.0.3.tgz",
      "integrity": "sha1-jKX6GEph7ICdIaNX7kuzfMdNcaw="
    }
  }
}
